<Solution>
  <Folder Name="/Task0/">
    <Project Path="Tyuiu.BuzmakovaAA.Sprint1.Task0.V8.Lib/Tyuiu.BuzmakovaAA.Sprint1.Task0.V8.Lib.csproj" />
    <Project Path="Tyuiu.BuzmakovaAA.Sprint1.Task0.V8.Test/Tyuiu.BuzmakovaAA.Sprint1.Task0.V8.Test.csproj" />
    <Project Path="Tyuiu.BuzmakovaAA.Sprint1.Task0.V8/Tyuiu.BuzmakovaAA.Sprint1.Task0.V8.csproj" />
  </Folder>
</Solution>
